Microsoft Visual Studio Solution File, Format Version 12.00
# Visual Studio Version 17
VisualStudioVersion = 17.8.0.0
MinimumVisualStudioVersion = 17.8.0.0
Project("{2150E333-8FDC-42A3-9474-1A3956D46DE8}") = "apps", "apps", "{224361D2-3869-4F9A-A882-2554036A98AF}"
EndProject
Project("{2150E333-8FDC-42A3-9474-1A3956D46DE8}") = "aspire", "aspire", "{55C2DB42-2C30-46DD-98BD-50C44C0AC678}"
EndProject
Project("{2150E333-8FDC-42A3-9474-1A3956D46DE8}") = "gateways", "gateways", "{FDF81F68-085D-4C5E-964A-1FD8A1D96277}"
EndProject
Project("{2150E333-8FDC-42A3-9474-1A3956D46DE8}") = "services", "services", "{0B9A1A27-E4AC-4228-AE7A-FC2CEBE2AD7B}"
EndProject
Project("{2150E333-8FDC-42A3-9474-1A3956D46DE8}") = "shared", "shared", "{7F683C4A-7D91-44EE-AF90-A5901BE6F90E}"
EndProject
Project("{2150E333-8FDC-42A3-9474-1A3956D46DE8}") = "admin", "admin", "{B10F6F2E-1D3F-4943-8AA8-75DD9D5C4F24}"
EndProject
Project("{2150E333-8FDC-42A3-9474-1A3956D46DE8}") = "identity", "identity", "{02EA681E-C7D8-13C7-8484-4AC65E1B71E8}"
EndProject
Project("{2150E333-8FDC-42A3-9474-1A3956D46DE8}") = "basket", "basket", "{1567AF54-3B10-493B-B5B2-5C09C646F694}"
EndProject
Project("{2150E333-8FDC-42A3-9474-1A3956D46DE8}") = "catalog", "catalog", "{0373C70C-0FB0-4478-81A2-FB7320C23819}"
EndProject
Project("{2150E333-8FDC-42A3-9474-1A3956D46DE8}") = "cmskit", "cmskit", "{A7142E2C-B005-4FF2-92DC-7F7B76F7FFEF}"
EndProject
Project("{2150E333-8FDC-42A3-9474-1A3956D46DE8}") = "odering", "odering", "{38978A69-8343-4C80-89F3-59F454BE7B4F}"
EndProject
Project("{2150E333-8FDC-42A3-9474-1A3956D46DE8}") = "payment", "payment", "{77CFDAFB-398B-454B-813A-C1CFC53381FF}"
EndProject
Project("{FAE04EC0-301F-11D3-BF4B-00C04F79EFBC}") = "EShopOnAbp.PublicWeb", "apps\public-web\src\EShopOnAbp.PublicWeb\EShopOnAbp.PublicWeb.csproj", "{FD9ECE3E-487B-4961-BEE9-3C26F866EAB2}"
EndProject
Project("{FAE04EC0-301F-11D3-BF4B-00C04F79EFBC}") = "EShopOnAbp.AdministrationService.HttpApi.Host", "services\administration\src\EShopOnAbp.AdministrationService.HttpApi.Host\EShopOnAbp.AdministrationService.HttpApi.Host.csproj", "{A630417B-1C25-4BAB-B1D3-22C627DF0008}"
EndProject
Project("{FAE04EC0-301F-11D3-BF4B-00C04F79EFBC}") = "EShopOnAbp.IdentityService.HttpApi.Host", "services\identity\src\EShopOnAbp.IdentityService.HttpApi.Host\EShopOnAbp.IdentityService.HttpApi.Host.csproj", "{582CE0DB-2B91-4978-9AF8-B18C732D08B5}"
EndProject
Project("{FAE04EC0-301F-11D3-BF4B-00C04F79EFBC}") = "EShopOnAbp.BasketService", "services\basket\src\EShopOnAbp.BasketService\EShopOnAbp.BasketService.csproj", "{C6516D98-035B-4742-B3C8-B031455546DE}"
EndProject
Project("{FAE04EC0-301F-11D3-BF4B-00C04F79EFBC}") = "EShopOnAbp.CatalogService.HttpApi.Host", "services\catalog\src\EShopOnAbp.CatalogService.HttpApi.Host\EShopOnAbp.CatalogService.HttpApi.Host.csproj", "{E41F937A-0FE1-4E55-B449-CABF5D42A093}"
EndProject
Project("{FAE04EC0-301F-11D3-BF4B-00C04F79EFBC}") = "EShopOnAbp.CmskitService.HttpApi.Host", "services\cmskit\src\EShopOnAbp.CmskitService.HttpApi.Host\EShopOnAbp.CmskitService.HttpApi.Host.csproj", "{C08FF8C8-354D-40EC-A80C-AFCE36A88DF9}"
EndProject
Project("{FAE04EC0-301F-11D3-BF4B-00C04F79EFBC}") = "EShopOnAbp.OrderingService.HttpApi.Host", "services\ordering\src\EShopOnAbp.OrderingService.HttpApi.Host\EShopOnAbp.OrderingService.HttpApi.Host.csproj", "{89A65776-2367-4855-8956-53322C2BF70B}"
EndProject
Project("{FAE04EC0-301F-11D3-BF4B-00C04F79EFBC}") = "EShopOnAbp.PaymentService.HttpApi.Host", "services\payment\src\EShopOnAbp.PaymentService.HttpApi.Host\EShopOnAbp.PaymentService.HttpApi.Host.csproj", "{2C55D527-4E09-4FD6-B4C6-7EFDD457358F}"
EndProject
Project("{FAE04EC0-301F-11D3-BF4B-00C04F79EFBC}") = "EShopOnAbp.PaymentService.EntityFrameworkCore", "services\payment\src\EShopOnAbp.PaymentService.EntityFrameworkCore\EShopOnAbp.PaymentService.EntityFrameworkCore.csproj", "{4CD22FD4-84AE-404E-A71A-4A3D24353CF7}"
EndProject
Project("{FAE04EC0-301F-11D3-BF4B-00C04F79EFBC}") = "EShopOnAbp.WebGateway", "gateways\web\src\EShopOnAbp.WebGateway\EShopOnAbp.WebGateway.csproj", "{91B60054-9B37-476D-8894-2F91046CC53A}"
EndProject
Project("{FAE04EC0-301F-11D3-BF4B-00C04F79EFBC}") = "EShopOnAbp.WebPublicGateway", "gateways\web-public\src\EShopOnAbp.WebPublicGateway\EShopOnAbp.WebPublicGateway.csproj", "{B9DC001F-BEE2-4E85-8E7E-B6B84298F0D5}"
EndProject
Project("{FAE04EC0-301F-11D3-BF4B-00C04F79EFBC}") = "EShopOnAbp.Keycloak.DbMigrator", "shared\EShopOnAbp.Keycloak.DbMigrator\EShopOnAbp.Keycloak.DbMigrator.csproj", "{A0ECB336-8E44-46F4-B551-0595AF5B4D62}"
EndProject
Project("{FAE04EC0-301F-11D3-BF4B-00C04F79EFBC}") = "EShopOnAbp.Shared.Hosting", "shared\EShopOnAbp.Shared.Hosting\EShopOnAbp.Shared.Hosting.csproj", "{C51FAFAE-59FE-470D-BE49-B4CDB9DF934B}"
EndProject
Project("{FAE04EC0-301F-11D3-BF4B-00C04F79EFBC}") = "EShopOnAbp.Shared.Hosting.AspNetCore", "shared\EShopOnAbp.Shared.Hosting.AspNetCore\EShopOnAbp.Shared.Hosting.AspNetCore.csproj", "{A6CE17C4-6991-45CC-9AD6-D0F5DA11CE64}"
EndProject
Project("{FAE04EC0-301F-11D3-BF4B-00C04F79EFBC}") = "EShopOnAbp.Shared.Hosting.Gateways", "shared\EShopOnAbp.Shared.Hosting.Gateways\EShopOnAbp.Shared.Hosting.Gateways.csproj", "{9C5BB7A5-63EB-4D63-9632-BEF22D22F780}"
EndProject
Project("{FAE04EC0-301F-11D3-BF4B-00C04F79EFBC}") = "EShopOnAbp.Shared.Hosting.Microservices", "shared\EShopOnAbp.Shared.Hosting.Microservices\EShopOnAbp.Shared.Hosting.Microservices.csproj", "{D3CD271A-F0C2-48A6-BD57-40D500B26645}"
EndProject
Project("{FAE04EC0-301F-11D3-BF4B-00C04F79EFBC}") = "EShopOnAbp.Shared.Localization", "shared\EShopOnAbp.Shared.Localization\EShopOnAbp.Shared.Localization.csproj", "{3A7CC445-7D7D-41E6-A115-EFFE3A225506}"
EndProject
Project("{FAE04EC0-301F-11D3-BF4B-00C04F79EFBC}") = "eShopOnAbp.AppHost", "aspire\AppHost\eShopOnAbp.AppHost.csproj", "{44A85BC9-1BEB-37DB-4EC8-B81851F60ECA}"
EndProject
Project("{FAE04EC0-301F-11D3-BF4B-00C04F79EFBC}") = "eShopOnAbp.ServiceDefaults", "aspire\ServiceDefaults\eShopOnAbp.ServiceDefaults.csproj", "{DA00DDA6-3A3D-66C3-7B47-9D8B0F7B95C2}"
EndProject
Project("{FAE04EC0-301F-11D3-BF4B-00C04F79EFBC}") = "EShopOnAbp.BasketService.Contracts", "services\basket\src\EShopOnAbp.BasketService.Contracts\EShopOnAbp.BasketService.Contracts.csproj", "{841F850B-2AB6-6970-1B8D-8646552BB889}"
EndProject
Project("{FAE04EC0-301F-11D3-BF4B-00C04F79EFBC}") = "EShopOnAbp.AdministrationService.Application", "services\administration\src\EShopOnAbp.AdministrationService.Application\EShopOnAbp.AdministrationService.Application.csproj", "{CCA39822-D1F5-4AAF-B812-D6C72D0E9245}"
EndProject
Project("{FAE04EC0-301F-11D3-BF4B-00C04F79EFBC}") = "EShopOnAbp.AdministrationService.Application.Contracts", "services\administration\src\EShopOnAbp.AdministrationService.Application.Contracts\EShopOnAbp.AdministrationService.Application.Contracts.csproj", "{C606C012-6B80-4D77-B310-27AB10EBFAE9}"
EndProject
Project("{FAE04EC0-301F-11D3-BF4B-00C04F79EFBC}") = "EShopOnAbp.AdministrationService.Domain", "services\administration\src\EShopOnAbp.AdministrationService.Domain\EShopOnAbp.AdministrationService.Domain.csproj", "{BEB90886-46AF-4451-BE25-30B74B7ABB2B}"
EndProject
Project("{FAE04EC0-301F-11D3-BF4B-00C04F79EFBC}") = "EShopOnAbp.AdministrationService.Domain.Shared", "services\administration\src\EShopOnAbp.AdministrationService.Domain.Shared\EShopOnAbp.AdministrationService.Domain.Shared.csproj", "{A473B8A0-05D7-44E6-93CA-CFD9F9851CC0}"
EndProject
Project("{FAE04EC0-301F-11D3-BF4B-00C04F79EFBC}") = "EShopOnAbp.AdministrationService.EntityFrameworkCore", "services\administration\src\EShopOnAbp.AdministrationService.EntityFrameworkCore\EShopOnAbp.AdministrationService.EntityFrameworkCore.csproj", "{3868B4F7-9066-4996-8BA3-EA998A0BBDA1}"
EndProject
Project("{FAE04EC0-301F-11D3-BF4B-00C04F79EFBC}") = "EShopOnAbp.AdministrationService.HttpApi", "services\administration\src\EShopOnAbp.AdministrationService.HttpApi\EShopOnAbp.AdministrationService.HttpApi.csproj", "{6515C6DF-7308-4A0C-9E1B-523EDFD6A6B4}"
EndProject
Project("{FAE04EC0-301F-11D3-BF4B-00C04F79EFBC}") = "EShopOnAbp.AdministrationService.HttpApi.Client", "services\administration\src\EShopOnAbp.AdministrationService.HttpApi.Client\EShopOnAbp.AdministrationService.HttpApi.Client.csproj", "{C54AB33C-DBAA-4D6C-AD3B-37994F47E8AF}"
EndProject
Project("{FAE04EC0-301F-11D3-BF4B-00C04F79EFBC}") = "EShopOnAbp.CatalogService.MongoDB", "services\catalog\src\EShopOnAbp.CatalogService.MongoDB\EShopOnAbp.CatalogService.MongoDB.csproj", "{DEFDF5F4-4241-44A3-AC69-4FE9EB35FCD6}"
EndProject
Project("{FAE04EC0-301F-11D3-BF4B-00C04F79EFBC}") = "EShopOnAbp.CatalogService.HttpApi", "services\catalog\src\EShopOnAbp.CatalogService.HttpApi\EShopOnAbp.CatalogService.HttpApi.csproj", "{971E06C3-D05C-40D9-A58E-FAF07A039F23}"
EndProject
Project("{FAE04EC0-301F-11D3-BF4B-00C04F79EFBC}") = "EShopOnAbp.CatalogService.HttpApi.Client", "services\catalog\src\EShopOnAbp.CatalogService.HttpApi.Client\EShopOnAbp.CatalogService.HttpApi.Client.csproj", "{022DDE0C-AD5A-4C63-862D-F1CB1DA82967}"
EndProject
Project("{FAE04EC0-301F-11D3-BF4B-00C04F79EFBC}") = "EShopOnAbp.CatalogService.Application", "services\catalog\src\EShopOnAbp.CatalogService.Application\EShopOnAbp.CatalogService.Application.csproj", "{CAA8060D-2616-40EA-948F-242AC5CC172B}"
EndProject
Project("{FAE04EC0-301F-11D3-BF4B-00C04F79EFBC}") = "EShopOnAbp.CatalogService.Domain", "services\catalog\src\EShopOnAbp.CatalogService.Domain\EShopOnAbp.CatalogService.Domain.csproj", "{F06972B4-AF77-409C-8337-4EBBBC3825AF}"
EndProject
Project("{FAE04EC0-301F-11D3-BF4B-00C04F79EFBC}") = "EShopOnAbp.CatalogService.Application.Contracts", "services\catalog\src\EShopOnAbp.CatalogService.Application.Contracts\EShopOnAbp.CatalogService.Application.Contracts.csproj", "{D448BF9C-00AB-4795-A36B-0550FE73BA53}"
EndProject
Project("{FAE04EC0-301F-11D3-BF4B-00C04F79EFBC}") = "EShopOnAbp.CatalogService.Domain.Shared", "services\catalog\src\EShopOnAbp.CatalogService.Domain.Shared\EShopOnAbp.CatalogService.Domain.Shared.csproj", "{91941322-05F8-4D9C-8CE5-4E17E7C81494}"
EndProject
Project("{FAE04EC0-301F-11D3-BF4B-00C04F79EFBC}") = "EShopOnAbp.CmskitService.Application", "services\cmskit\src\EShopOnAbp.CmskitService.Application\EShopOnAbp.CmskitService.Application.csproj", "{4DEFD398-4F72-48DC-916E-FB608B771910}"
EndProject
Project("{FAE04EC0-301F-11D3-BF4B-00C04F79EFBC}") = "EShopOnAbp.CmskitService.Application.Contracts", "services\cmskit\src\EShopOnAbp.CmskitService.Application.Contracts\EShopOnAbp.CmskitService.Application.Contracts.csproj", "{0F9D884C-58F1-49DD-A216-2CD51172C834}"
EndProject
Project("{FAE04EC0-301F-11D3-BF4B-00C04F79EFBC}") = "EShopOnAbp.CmskitService.Domain", "services\cmskit\src\EShopOnAbp.CmskitService.Domain\EShopOnAbp.CmskitService.Domain.csproj", "{83B9E7F2-07A4-4D99-98D6-849BD5488967}"
EndProject
Project("{FAE04EC0-301F-11D3-BF4B-00C04F79EFBC}") = "EShopOnAbp.CmskitService.Domain.Shared", "services\cmskit\src\EShopOnAbp.CmskitService.Domain.Shared\EShopOnAbp.CmskitService.Domain.Shared.csproj", "{1CB2EB5A-702B-482D-96A8-1BF353889DAF}"
EndProject
Project("{FAE04EC0-301F-11D3-BF4B-00C04F79EFBC}") = "EShopOnAbp.CmskitService.EntityFrameworkCore", "services\cmskit\src\EShopOnAbp.CmskitService.EntityFrameworkCore\EShopOnAbp.CmskitService.EntityFrameworkCore.csproj", "{522A00D0-B7F8-4D49-9299-F391D8F97F4F}"
EndProject
Project("{FAE04EC0-301F-11D3-BF4B-00C04F79EFBC}") = "EShopOnAbp.CmskitService.HttpApi", "services\cmskit\src\EShopOnAbp.CmskitService.HttpApi\EShopOnAbp.CmskitService.HttpApi.csproj", "{E47BD230-A4DA-4415-8261-720FF204D136}"
EndProject
Project("{FAE04EC0-301F-11D3-BF4B-00C04F79EFBC}") = "EShopOnAbp.CmskitService.HttpApi.Client", "services\cmskit\src\EShopOnAbp.CmskitService.HttpApi.Client\EShopOnAbp.CmskitService.HttpApi.Client.csproj", "{8D8A600F-15F4-498C-BC3F-18DBFDF3C3D0}"
EndProject
Project("{FAE04EC0-301F-11D3-BF4B-00C04F79EFBC}") = "EShopOnAbp.IdentityService.Application", "services\identity\src\EShopOnAbp.IdentityService.Application\EShopOnAbp.IdentityService.Application.csproj", "{4E7FC96C-E0F8-4F03-9BC8-2A3F91B56766}"
EndProject
Project("{FAE04EC0-301F-11D3-BF4B-00C04F79EFBC}") = "EShopOnAbp.IdentityService.Application.Contracts", "services\identity\src\EShopOnAbp.IdentityService.Application.Contracts\EShopOnAbp.IdentityService.Application.Contracts.csproj", "{E1CF3D00-95C7-4D2C-A653-2703DBC3834C}"
EndProject
Project("{FAE04EC0-301F-11D3-BF4B-00C04F79EFBC}") = "EShopOnAbp.IdentityService.Domain", "services\identity\src\EShopOnAbp.IdentityService.Domain\EShopOnAbp.IdentityService.Domain.csproj", "{9DD5623D-6B53-43BB-AD70-5B5314C8AEA6}"
EndProject
Project("{FAE04EC0-301F-11D3-BF4B-00C04F79EFBC}") = "EShopOnAbp.IdentityService.Domain.Shared", "services\identity\src\EShopOnAbp.IdentityService.Domain.Shared\EShopOnAbp.IdentityService.Domain.Shared.csproj", "{052F87CC-1CDC-4D02-A40A-AF75578B380E}"
EndProject
Project("{FAE04EC0-301F-11D3-BF4B-00C04F79EFBC}") = "EShopOnAbp.IdentityService.EntityFrameworkCore", "services\identity\src\EShopOnAbp.IdentityService.EntityFrameworkCore\EShopOnAbp.IdentityService.EntityFrameworkCore.csproj", "{AD0951C9-59DC-4B00-A182-73CB3DDD0E88}"
EndProject
Project("{FAE04EC0-301F-11D3-BF4B-00C04F79EFBC}") = "EShopOnAbp.IdentityService.HttpApi", "services\identity\src\EShopOnAbp.IdentityService.HttpApi\EShopOnAbp.IdentityService.HttpApi.csproj", "{DD96CD77-6EE1-4100-A892-F1C9AD5132E3}"
EndProject
Project("{FAE04EC0-301F-11D3-BF4B-00C04F79EFBC}") = "EShopOnAbp.IdentityService.HttpApi.Client", "services\identity\src\EShopOnAbp.IdentityService.HttpApi.Client\EShopOnAbp.IdentityService.HttpApi.Client.csproj", "{388FF668-4405-4DCB-BE9C-1B577C8D0DE4}"
EndProject
Project("{FAE04EC0-301F-11D3-BF4B-00C04F79EFBC}") = "EShopOnAbp.OrderingService.Application", "services\ordering\src\EShopOnAbp.OrderingService.Application\EShopOnAbp.OrderingService.Application.csproj", "{C787160F-018C-488D-B012-D331DAA91029}"
EndProject
Project("{FAE04EC0-301F-11D3-BF4B-00C04F79EFBC}") = "EShopOnAbp.OrderingService.EntityFrameworkCore", "services\ordering\src\EShopOnAbp.OrderingService.EntityFrameworkCore\EShopOnAbp.OrderingService.EntityFrameworkCore.csproj", "{9CFAC800-5E8B-4CC7-B29F-A1B480C436D0}"
EndProject
Project("{FAE04EC0-301F-11D3-BF4B-00C04F79EFBC}") = "EShopOnAbp.OrderingService.HttpApi.Client", "services\ordering\src\EShopOnAbp.OrderingService.HttpApi.Client\EShopOnAbp.OrderingService.HttpApi.Client.csproj", "{6F07B2EA-DF43-43CF-9243-7AFC60E4EBEF}"
EndProject
Project("{FAE04EC0-301F-11D3-BF4B-00C04F79EFBC}") = "EShopOnAbp.OrderingService.HttpApi", "services\ordering\src\EShopOnAbp.OrderingService.HttpApi\EShopOnAbp.OrderingService.HttpApi.csproj", "{C384178F-D458-4A1F-84C6-4481F3DE6CD4}"
EndProject
Project("{FAE04EC0-301F-11D3-BF4B-00C04F79EFBC}") = "EShopOnAbp.OrderingService.Domain.Shared", "services\ordering\src\EShopOnAbp.OrderingService.Domain.Shared\EShopOnAbp.OrderingService.Domain.Shared.csproj", "{52495DD8-B920-40C8-BD94-05F2122054BF}"
EndProject
Project("{FAE04EC0-301F-11D3-BF4B-00C04F79EFBC}") = "EShopOnAbp.OrderingService.Domain", "services\ordering\src\EShopOnAbp.OrderingService.Domain\EShopOnAbp.OrderingService.Domain.csproj", "{F757083D-4E5C-4D9B-B3AE-E4A58AC7C742}"
EndProject
Project("{FAE04EC0-301F-11D3-BF4B-00C04F79EFBC}") = "EShopOnAbp.OrderingService.Application.Contracts", "services\ordering\src\EShopOnAbp.OrderingService.Application.Contracts\EShopOnAbp.OrderingService.Application.Contracts.csproj", "{A268E111-A399-4D38-B046-158D5073452D}"
EndProject
Project("{FAE04EC0-301F-11D3-BF4B-00C04F79EFBC}") = "EShopOnAbp.PaymentService.HttpApi", "services\payment\src\EShopOnAbp.PaymentService.HttpApi\EShopOnAbp.PaymentService.HttpApi.csproj", "{77B6B154-C4C9-4A1A-AE93-43DFDC51642E}"
EndProject
Project("{FAE04EC0-301F-11D3-BF4B-00C04F79EFBC}") = "EShopOnAbp.PaymentService.Application.Contracts", "services\payment\src\EShopOnAbp.PaymentService.Application.Contracts\EShopOnAbp.PaymentService.Application.Contracts.csproj", "{93BD8EC4-C26C-4B4F-92E4-86C456A9C516}"
EndProject
Project("{FAE04EC0-301F-11D3-BF4B-00C04F79EFBC}") = "EShopOnAbp.PaymentService.Application", "services\payment\src\EShopOnAbp.PaymentService.Application\EShopOnAbp.PaymentService.Application.csproj", "{E98183EF-F7F6-4451-A530-728C4CCA058A}"
EndProject
Project("{FAE04EC0-301F-11D3-BF4B-00C04F79EFBC}") = "EShopOnAbp.PaymentService.Domain.Shared", "services\payment\src\EShopOnAbp.PaymentService.Domain.Shared\EShopOnAbp.PaymentService.Domain.Shared.csproj", "{1C75F181-1EC2-4595-92FF-28345BC6D8DD}"
EndProject
Project("{FAE04EC0-301F-11D3-BF4B-00C04F79EFBC}") = "EShopOnAbp.PaymentService.Domain", "services\payment\src\EShopOnAbp.PaymentService.Domain\EShopOnAbp.PaymentService.Domain.csproj", "{AAF0DD71-1D2B-48DE-9BEB-14CF6BC2F041}"
EndProject
Project("{FAE04EC0-301F-11D3-BF4B-00C04F79EFBC}") = "EShopOnAbp.PaymentService.HttpApi.Client", "services\payment\src\EShopOnAbp.PaymentService.HttpApi.Client\EShopOnAbp.PaymentService.HttpApi.Client.csproj", "{EEF18469-5CC5-47B9-BF87-3A7966BD9529}"
EndProject
Global
	GlobalSection(SolutionConfigurationPlatforms) = preSolution
		Debug|Any CPU = Debug|Any CPU
		Release|Any CPU = Release|Any CPU
	EndGlobalSection
	GlobalSection(ProjectConfigurationPlatforms) = postSolution
		{FD9ECE3E-487B-4961-BEE9-3C26F866EAB2}.Debug|Any CPU.ActiveCfg = Debug|Any CPU
		{FD9ECE3E-487B-4961-BEE9-3C26F866EAB2}.Debug|Any CPU.Build.0 = Debug|Any CPU
		{FD9ECE3E-487B-4961-BEE9-3C26F866EAB2}.Release|Any CPU.ActiveCfg = Release|Any CPU
		{FD9ECE3E-487B-4961-BEE9-3C26F866EAB2}.Release|Any CPU.Build.0 = Release|Any CPU
		{A630417B-1C25-4BAB-B1D3-22C627DF0008}.Debug|Any CPU.ActiveCfg = Debug|Any CPU
		{A630417B-1C25-4BAB-B1D3-22C627DF0008}.Debug|Any CPU.Build.0 = Debug|Any CPU
		{A630417B-1C25-4BAB-B1D3-22C627DF0008}.Release|Any CPU.ActiveCfg = Release|Any CPU
		{A630417B-1C25-4BAB-B1D3-22C627DF0008}.Release|Any CPU.Build.0 = Release|Any CPU
		{582CE0DB-2B91-4978-9AF8-B18C732D08B5}.Debug|Any CPU.ActiveCfg = Debug|Any CPU
		{582CE0DB-2B91-4978-9AF8-B18C732D08B5}.Debug|Any CPU.Build.0 = Debug|Any CPU
		{582CE0DB-2B91-4978-9AF8-B18C732D08B5}.Release|Any CPU.ActiveCfg = Release|Any CPU
		{582CE0DB-2B91-4978-9AF8-B18C732D08B5}.Release|Any CPU.Build.0 = Release|Any CPU
		{C6516D98-035B-4742-B3C8-B031455546DE}.Debug|Any CPU.ActiveCfg = Debug|Any CPU
		{C6516D98-035B-4742-B3C8-B031455546DE}.Debug|Any CPU.Build.0 = Debug|Any CPU
		{C6516D98-035B-4742-B3C8-B031455546DE}.Release|Any CPU.ActiveCfg = Release|Any CPU
		{C6516D98-035B-4742-B3C8-B031455546DE}.Release|Any CPU.Build.0 = Release|Any CPU
		{E41F937A-0FE1-4E55-B449-CABF5D42A093}.Debug|Any CPU.ActiveCfg = Debug|Any CPU
		{E41F937A-0FE1-4E55-B449-CABF5D42A093}.Debug|Any CPU.Build.0 = Debug|Any CPU
		{E41F937A-0FE1-4E55-B449-CABF5D42A093}.Release|Any CPU.ActiveCfg = Release|Any CPU
		{E41F937A-0FE1-4E55-B449-CABF5D42A093}.Release|Any CPU.Build.0 = Release|Any CPU
		{C08FF8C8-354D-40EC-A80C-AFCE36A88DF9}.Debug|Any CPU.ActiveCfg = Debug|Any CPU
		{C08FF8C8-354D-40EC-A80C-AFCE36A88DF9}.Debug|Any CPU.Build.0 = Debug|Any CPU
		{C08FF8C8-354D-40EC-A80C-AFCE36A88DF9}.Release|Any CPU.ActiveCfg = Release|Any CPU
		{C08FF8C8-354D-40EC-A80C-AFCE36A88DF9}.Release|Any CPU.Build.0 = Release|Any CPU
		{89A65776-2367-4855-8956-53322C2BF70B}.Debug|Any CPU.ActiveCfg = Debug|Any CPU
		{89A65776-2367-4855-8956-53322C2BF70B}.Debug|Any CPU.Build.0 = Debug|Any CPU
		{89A65776-2367-4855-8956-53322C2BF70B}.Release|Any CPU.ActiveCfg = Release|Any CPU
		{89A65776-2367-4855-8956-53322C2BF70B}.Release|Any CPU.Build.0 = Release|Any CPU
		{2C55D527-4E09-4FD6-B4C6-7EFDD457358F}.Debug|Any CPU.ActiveCfg = Debug|Any CPU
		{2C55D527-4E09-4FD6-B4C6-7EFDD457358F}.Debug|Any CPU.Build.0 = Debug|Any CPU
		{2C55D527-4E09-4FD6-B4C6-7EFDD457358F}.Release|Any CPU.ActiveCfg = Release|Any CPU
		{2C55D527-4E09-4FD6-B4C6-7EFDD457358F}.Release|Any CPU.Build.0 = Release|Any CPU
		{4CD22FD4-84AE-404E-A71A-4A3D24353CF7}.Debug|Any CPU.ActiveCfg = Debug|Any CPU
		{4CD22FD4-84AE-404E-A71A-4A3D24353CF7}.Debug|Any CPU.Build.0 = Debug|Any CPU
		{4CD22FD4-84AE-404E-A71A-4A3D24353CF7}.Release|Any CPU.ActiveCfg = Release|Any CPU
		{4CD22FD4-84AE-404E-A71A-4A3D24353CF7}.Release|Any CPU.Build.0 = Release|Any CPU
		{91B60054-9B37-476D-8894-2F91046CC53A}.Debug|Any CPU.ActiveCfg = Debug|Any CPU
		{91B60054-9B37-476D-8894-2F91046CC53A}.Debug|Any CPU.Build.0 = Debug|Any CPU
		{91B60054-9B37-476D-8894-2F91046CC53A}.Release|Any CPU.ActiveCfg = Release|Any CPU
		{91B60054-9B37-476D-8894-2F91046CC53A}.Release|Any CPU.Build.0 = Release|Any CPU
		{B9DC001F-BEE2-4E85-8E7E-B6B84298F0D5}.Debug|Any CPU.ActiveCfg = Debug|Any CPU
		{B9DC001F-BEE2-4E85-8E7E-B6B84298F0D5}.Debug|Any CPU.Build.0 = Debug|Any CPU
		{B9DC001F-BEE2-4E85-8E7E-B6B84298F0D5}.Release|Any CPU.ActiveCfg = Release|Any CPU
		{B9DC001F-BEE2-4E85-8E7E-B6B84298F0D5}.Release|Any CPU.Build.0 = Release|Any CPU
		{A0ECB336-8E44-46F4-B551-0595AF5B4D62}.Debug|Any CPU.ActiveCfg = Debug|Any CPU
		{A0ECB336-8E44-46F4-B551-0595AF5B4D62}.Debug|Any CPU.Build.0 = Debug|Any CPU
		{A0ECB336-8E44-46F4-B551-0595AF5B4D62}.Release|Any CPU.ActiveCfg = Release|Any CPU
		{A0ECB336-8E44-46F4-B551-0595AF5B4D62}.Release|Any CPU.Build.0 = Release|Any CPU
		{C51FAFAE-59FE-470D-BE49-B4CDB9DF934B}.Debug|Any CPU.ActiveCfg = Debug|Any CPU
		{C51FAFAE-59FE-470D-BE49-B4CDB9DF934B}.Debug|Any CPU.Build.0 = Debug|Any CPU
		{C51FAFAE-59FE-470D-BE49-B4CDB9DF934B}.Release|Any CPU.ActiveCfg = Release|Any CPU
		{C51FAFAE-59FE-470D-BE49-B4CDB9DF934B}.Release|Any CPU.Build.0 = Release|Any CPU
		{A6CE17C4-6991-45CC-9AD6-D0F5DA11CE64}.Debug|Any CPU.ActiveCfg = Debug|Any CPU
		{A6CE17C4-6991-45CC-9AD6-D0F5DA11CE64}.Debug|Any CPU.Build.0 = Debug|Any CPU
		{A6CE17C4-6991-45CC-9AD6-D0F5DA11CE64}.Release|Any CPU.ActiveCfg = Release|Any CPU
		{A6CE17C4-6991-45CC-9AD6-D0F5DA11CE64}.Release|Any CPU.Build.0 = Release|Any CPU
		{9C5BB7A5-63EB-4D63-9632-BEF22D22F780}.Debug|Any CPU.ActiveCfg = Debug|Any CPU
		{9C5BB7A5-63EB-4D63-9632-BEF22D22F780}.Debug|Any CPU.Build.0 = Debug|Any CPU
		{9C5BB7A5-63EB-4D63-9632-BEF22D22F780}.Release|Any CPU.ActiveCfg = Release|Any CPU
		{9C5BB7A5-63EB-4D63-9632-BEF22D22F780}.Release|Any CPU.Build.0 = Release|Any CPU
		{D3CD271A-F0C2-48A6-BD57-40D500B26645}.Debug|Any CPU.ActiveCfg = Debug|Any CPU
		{D3CD271A-F0C2-48A6-BD57-40D500B26645}.Debug|Any CPU.Build.0 = Debug|Any CPU
		{D3CD271A-F0C2-48A6-BD57-40D500B26645}.Release|Any CPU.ActiveCfg = Release|Any CPU
		{D3CD271A-F0C2-48A6-BD57-40D500B26645}.Release|Any CPU.Build.0 = Release|Any CPU
		{3A7CC445-7D7D-41E6-A115-EFFE3A225506}.Debug|Any CPU.ActiveCfg = Debug|Any CPU
		{3A7CC445-7D7D-41E6-A115-EFFE3A225506}.Debug|Any CPU.Build.0 = Debug|Any CPU
		{3A7CC445-7D7D-41E6-A115-EFFE3A225506}.Release|Any CPU.ActiveCfg = Release|Any CPU
		{3A7CC445-7D7D-41E6-A115-EFFE3A225506}.Release|Any CPU.Build.0 = Release|Any CPU
		{841F850B-2AB6-6970-1B8D-8646552BB889}.Debug|Any CPU.ActiveCfg = Debug|Any CPU
		{841F850B-2AB6-6970-1B8D-8646552BB889}.Debug|Any CPU.Build.0 = Debug|Any CPU
		{841F850B-2AB6-6970-1B8D-8646552BB889}.Release|Any CPU.ActiveCfg = Release|Any CPU
		{841F850B-2AB6-6970-1B8D-8646552BB889}.Release|Any CPU.Build.0 = Release|Any CPU
		{CCA39822-D1F5-4AAF-B812-D6C72D0E9245}.Debug|Any CPU.ActiveCfg = Debug|Any CPU
		{CCA39822-D1F5-4AAF-B812-D6C72D0E9245}.Debug|Any CPU.Build.0 = Debug|Any CPU
		{CCA39822-D1F5-4AAF-B812-D6C72D0E9245}.Release|Any CPU.ActiveCfg = Release|Any CPU
		{CCA39822-D1F5-4AAF-B812-D6C72D0E9245}.Release|Any CPU.Build.0 = Release|Any CPU
		{C606C012-6B80-4D77-B310-27AB10EBFAE9}.Debug|Any CPU.ActiveCfg = Debug|Any CPU
		{C606C012-6B80-4D77-B310-27AB10EBFAE9}.Debug|Any CPU.Build.0 = Debug|Any CPU
		{C606C012-6B80-4D77-B310-27AB10EBFAE9}.Release|Any CPU.ActiveCfg = Release|Any CPU
		{C606C012-6B80-4D77-B310-27AB10EBFAE9}.Release|Any CPU.Build.0 = Release|Any CPU
		{BEB90886-46AF-4451-BE25-30B74B7ABB2B}.Debug|Any CPU.ActiveCfg = Debug|Any CPU
		{BEB90886-46AF-4451-BE25-30B74B7ABB2B}.Debug|Any CPU.Build.0 = Debug|Any CPU
		{BEB90886-46AF-4451-BE25-30B74B7ABB2B}.Release|Any CPU.ActiveCfg = Release|Any CPU
		{BEB90886-46AF-4451-BE25-30B74B7ABB2B}.Release|Any CPU.Build.0 = Release|Any CPU
		{A473B8A0-05D7-44E6-93CA-CFD9F9851CC0}.Debug|Any CPU.ActiveCfg = Debug|Any CPU
		{A473B8A0-05D7-44E6-93CA-CFD9F9851CC0}.Debug|Any CPU.Build.0 = Debug|Any CPU
		{A473B8A0-05D7-44E6-93CA-CFD9F9851CC0}.Release|Any CPU.ActiveCfg = Release|Any CPU
		{A473B8A0-05D7-44E6-93CA-CFD9F9851CC0}.Release|Any CPU.Build.0 = Release|Any CPU
		{3868B4F7-9066-4996-8BA3-EA998A0BBDA1}.Debug|Any CPU.ActiveCfg = Debug|Any CPU
		{3868B4F7-9066-4996-8BA3-EA998A0BBDA1}.Debug|Any CPU.Build.0 = Debug|Any CPU
		{3868B4F7-9066-4996-8BA3-EA998A0BBDA1}.Release|Any CPU.ActiveCfg = Release|Any CPU
		{3868B4F7-9066-4996-8BA3-EA998A0BBDA1}.Release|Any CPU.Build.0 = Release|Any CPU
		{6515C6DF-7308-4A0C-9E1B-523EDFD6A6B4}.Debug|Any CPU.ActiveCfg = Debug|Any CPU
		{6515C6DF-7308-4A0C-9E1B-523EDFD6A6B4}.Debug|Any CPU.Build.0 = Debug|Any CPU
		{6515C6DF-7308-4A0C-9E1B-523EDFD6A6B4}.Release|Any CPU.ActiveCfg = Release|Any CPU
		{6515C6DF-7308-4A0C-9E1B-523EDFD6A6B4}.Release|Any CPU.Build.0 = Release|Any CPU
		{C54AB33C-DBAA-4D6C-AD3B-37994F47E8AF}.Debug|Any CPU.ActiveCfg = Debug|Any CPU
		{C54AB33C-DBAA-4D6C-AD3B-37994F47E8AF}.Debug|Any CPU.Build.0 = Debug|Any CPU
		{C54AB33C-DBAA-4D6C-AD3B-37994F47E8AF}.Release|Any CPU.ActiveCfg = Release|Any CPU
		{C54AB33C-DBAA-4D6C-AD3B-37994F47E8AF}.Release|Any CPU.Build.0 = Release|Any CPU
		{DEFDF5F4-4241-44A3-AC69-4FE9EB35FCD6}.Debug|Any CPU.ActiveCfg = Debug|Any CPU
		{DEFDF5F4-4241-44A3-AC69-4FE9EB35FCD6}.Debug|Any CPU.Build.0 = Debug|Any CPU
		{DEFDF5F4-4241-44A3-AC69-4FE9EB35FCD6}.Release|Any CPU.ActiveCfg = Release|Any CPU
		{DEFDF5F4-4241-44A3-AC69-4FE9EB35FCD6}.Release|Any CPU.Build.0 = Release|Any CPU
		{971E06C3-D05C-40D9-A58E-FAF07A039F23}.Debug|Any CPU.ActiveCfg = Debug|Any CPU
		{971E06C3-D05C-40D9-A58E-FAF07A039F23}.Debug|Any CPU.Build.0 = Debug|Any CPU
		{971E06C3-D05C-40D9-A58E-FAF07A039F23}.Release|Any CPU.ActiveCfg = Release|Any CPU
		{971E06C3-D05C-40D9-A58E-FAF07A039F23}.Release|Any CPU.Build.0 = Release|Any CPU
		{022DDE0C-AD5A-4C63-862D-F1CB1DA82967}.Debug|Any CPU.ActiveCfg = Debug|Any CPU
		{022DDE0C-AD5A-4C63-862D-F1CB1DA82967}.Debug|Any CPU.Build.0 = Debug|Any CPU
		{022DDE0C-AD5A-4C63-862D-F1CB1DA82967}.Release|Any CPU.ActiveCfg = Release|Any CPU
		{022DDE0C-AD5A-4C63-862D-F1CB1DA82967}.Release|Any CPU.Build.0 = Release|Any CPU
		{CAA8060D-2616-40EA-948F-242AC5CC172B}.Debug|Any CPU.ActiveCfg = Debug|Any CPU
		{CAA8060D-2616-40EA-948F-242AC5CC172B}.Debug|Any CPU.Build.0 = Debug|Any CPU
		{CAA8060D-2616-40EA-948F-242AC5CC172B}.Release|Any CPU.ActiveCfg = Release|Any CPU
		{CAA8060D-2616-40EA-948F-242AC5CC172B}.Release|Any CPU.Build.0 = Release|Any CPU
		{F06972B4-AF77-409C-8337-4EBBBC3825AF}.Debug|Any CPU.ActiveCfg = Debug|Any CPU
		{F06972B4-AF77-409C-8337-4EBBBC3825AF}.Debug|Any CPU.Build.0 = Debug|Any CPU
		{F06972B4-AF77-409C-8337-4EBBBC3825AF}.Release|Any CPU.ActiveCfg = Release|Any CPU
		{F06972B4-AF77-409C-8337-4EBBBC3825AF}.Release|Any CPU.Build.0 = Release|Any CPU
		{D448BF9C-00AB-4795-A36B-0550FE73BA53}.Debug|Any CPU.ActiveCfg = Debug|Any CPU
		{D448BF9C-00AB-4795-A36B-0550FE73BA53}.Debug|Any CPU.Build.0 = Debug|Any CPU
		{D448BF9C-00AB-4795-A36B-0550FE73BA53}.Release|Any CPU.ActiveCfg = Release|Any CPU
		{D448BF9C-00AB-4795-A36B-0550FE73BA53}.Release|Any CPU.Build.0 = Release|Any CPU
		{91941322-05F8-4D9C-8CE5-4E17E7C81494}.Debug|Any CPU.ActiveCfg = Debug|Any CPU
		{91941322-05F8-4D9C-8CE5-4E17E7C81494}.Debug|Any CPU.Build.0 = Debug|Any CPU
		{91941322-05F8-4D9C-8CE5-4E17E7C81494}.Release|Any CPU.ActiveCfg = Release|Any CPU
		{91941322-05F8-4D9C-8CE5-4E17E7C81494}.Release|Any CPU.Build.0 = Release|Any CPU
		{4DEFD398-4F72-48DC-916E-FB608B771910}.Debug|Any CPU.ActiveCfg = Debug|Any CPU
		{4DEFD398-4F72-48DC-916E-FB608B771910}.Debug|Any CPU.Build.0 = Debug|Any CPU
		{4DEFD398-4F72-48DC-916E-FB608B771910}.Release|Any CPU.ActiveCfg = Release|Any CPU
		{4DEFD398-4F72-48DC-916E-FB608B771910}.Release|Any CPU.Build.0 = Release|Any CPU
		{0F9D884C-58F1-49DD-A216-2CD51172C834}.Debug|Any CPU.ActiveCfg = Debug|Any CPU
		{0F9D884C-58F1-49DD-A216-2CD51172C834}.Debug|Any CPU.Build.0 = Debug|Any CPU
		{0F9D884C-58F1-49DD-A216-2CD51172C834}.Release|Any CPU.ActiveCfg = Release|Any CPU
		{0F9D884C-58F1-49DD-A216-2CD51172C834}.Release|Any CPU.Build.0 = Release|Any CPU
		{83B9E7F2-07A4-4D99-98D6-849BD5488967}.Debug|Any CPU.ActiveCfg = Debug|Any CPU
		{83B9E7F2-07A4-4D99-98D6-849BD5488967}.Debug|Any CPU.Build.0 = Debug|Any CPU
		{83B9E7F2-07A4-4D99-98D6-849BD5488967}.Release|Any CPU.ActiveCfg = Release|Any CPU
		{83B9E7F2-07A4-4D99-98D6-849BD5488967}.Release|Any CPU.Build.0 = Release|Any CPU
		{1CB2EB5A-702B-482D-96A8-1BF353889DAF}.Debug|Any CPU.ActiveCfg = Debug|Any CPU
		{1CB2EB5A-702B-482D-96A8-1BF353889DAF}.Debug|Any CPU.Build.0 = Debug|Any CPU
		{1CB2EB5A-702B-482D-96A8-1BF353889DAF}.Release|Any CPU.ActiveCfg = Release|Any CPU
		{1CB2EB5A-702B-482D-96A8-1BF353889DAF}.Release|Any CPU.Build.0 = Release|Any CPU
		{522A00D0-B7F8-4D49-9299-F391D8F97F4F}.Debug|Any CPU.ActiveCfg = Debug|Any CPU
		{522A00D0-B7F8-4D49-9299-F391D8F97F4F}.Debug|Any CPU.Build.0 = Debug|Any CPU
		{522A00D0-B7F8-4D49-9299-F391D8F97F4F}.Release|Any CPU.ActiveCfg = Release|Any CPU
		{522A00D0-B7F8-4D49-9299-F391D8F97F4F}.Release|Any CPU.Build.0 = Release|Any CPU
		{E47BD230-A4DA-4415-8261-720FF204D136}.Debug|Any CPU.ActiveCfg = Debug|Any CPU
		{E47BD230-A4DA-4415-8261-720FF204D136}.Debug|Any CPU.Build.0 = Debug|Any CPU
		{E47BD230-A4DA-4415-8261-720FF204D136}.Release|Any CPU.ActiveCfg = Release|Any CPU
		{E47BD230-A4DA-4415-8261-720FF204D136}.Release|Any CPU.Build.0 = Release|Any CPU
		{8D8A600F-15F4-498C-BC3F-18DBFDF3C3D0}.Debug|Any CPU.ActiveCfg = Debug|Any CPU
		{8D8A600F-15F4-498C-BC3F-18DBFDF3C3D0}.Debug|Any CPU.Build.0 = Debug|Any CPU
		{8D8A600F-15F4-498C-BC3F-18DBFDF3C3D0}.Release|Any CPU.ActiveCfg = Release|Any CPU
		{8D8A600F-15F4-498C-BC3F-18DBFDF3C3D0}.Release|Any CPU.Build.0 = Release|Any CPU
		{4E7FC96C-E0F8-4F03-9BC8-2A3F91B56766}.Debug|Any CPU.ActiveCfg = Debug|Any CPU
		{4E7FC96C-E0F8-4F03-9BC8-2A3F91B56766}.Debug|Any CPU.Build.0 = Debug|Any CPU
		{4E7FC96C-E0F8-4F03-9BC8-2A3F91B56766}.Release|Any CPU.ActiveCfg = Release|Any CPU
		{4E7FC96C-E0F8-4F03-9BC8-2A3F91B56766}.Release|Any CPU.Build.0 = Release|Any CPU
		{E1CF3D00-95C7-4D2C-A653-2703DBC3834C}.Debug|Any CPU.ActiveCfg = Debug|Any CPU
		{E1CF3D00-95C7-4D2C-A653-2703DBC3834C}.Debug|Any CPU.Build.0 = Debug|Any CPU
		{E1CF3D00-95C7-4D2C-A653-2703DBC3834C}.Release|Any CPU.ActiveCfg = Release|Any CPU
		{E1CF3D00-95C7-4D2C-A653-2703DBC3834C}.Release|Any CPU.Build.0 = Release|Any CPU
		{9DD5623D-6B53-43BB-AD70-5B5314C8AEA6}.Debug|Any CPU.ActiveCfg = Debug|Any CPU
		{9DD5623D-6B53-43BB-AD70-5B5314C8AEA6}.Debug|Any CPU.Build.0 = Debug|Any CPU
		{9DD5623D-6B53-43BB-AD70-5B5314C8AEA6}.Release|Any CPU.ActiveCfg = Release|Any CPU
		{9DD5623D-6B53-43BB-AD70-5B5314C8AEA6}.Release|Any CPU.Build.0 = Release|Any CPU
		{052F87CC-1CDC-4D02-A40A-AF75578B380E}.Debug|Any CPU.ActiveCfg = Debug|Any CPU
		{052F87CC-1CDC-4D02-A40A-AF75578B380E}.Debug|Any CPU.Build.0 = Debug|Any CPU
		{052F87CC-1CDC-4D02-A40A-AF75578B380E}.Release|Any CPU.ActiveCfg = Release|Any CPU
		{052F87CC-1CDC-4D02-A40A-AF75578B380E}.Release|Any CPU.Build.0 = Release|Any CPU
		{AD0951C9-59DC-4B00-A182-73CB3DDD0E88}.Debug|Any CPU.ActiveCfg = Debug|Any CPU
		{AD0951C9-59DC-4B00-A182-73CB3DDD0E88}.Debug|Any CPU.Build.0 = Debug|Any CPU
		{AD0951C9-59DC-4B00-A182-73CB3DDD0E88}.Release|Any CPU.ActiveCfg = Release|Any CPU
		{AD0951C9-59DC-4B00-A182-73CB3DDD0E88}.Release|Any CPU.Build.0 = Release|Any CPU
		{DD96CD77-6EE1-4100-A892-F1C9AD5132E3}.Debug|Any CPU.ActiveCfg = Debug|Any CPU
		{DD96CD77-6EE1-4100-A892-F1C9AD5132E3}.Debug|Any CPU.Build.0 = Debug|Any CPU
		{DD96CD77-6EE1-4100-A892-F1C9AD5132E3}.Release|Any CPU.ActiveCfg = Release|Any CPU
		{DD96CD77-6EE1-4100-A892-F1C9AD5132E3}.Release|Any CPU.Build.0 = Release|Any CPU
		{388FF668-4405-4DCB-BE9C-1B577C8D0DE4}.Debug|Any CPU.ActiveCfg = Debug|Any CPU
		{388FF668-4405-4DCB-BE9C-1B577C8D0DE4}.Debug|Any CPU.Build.0 = Debug|Any CPU
		{388FF668-4405-4DCB-BE9C-1B577C8D0DE4}.Release|Any CPU.ActiveCfg = Release|Any CPU
		{388FF668-4405-4DCB-BE9C-1B577C8D0DE4}.Release|Any CPU.Build.0 = Release|Any CPU
		{C787160F-018C-488D-B012-D331DAA91029}.Debug|Any CPU.ActiveCfg = Debug|Any CPU
		{C787160F-018C-488D-B012-D331DAA91029}.Debug|Any CPU.Build.0 = Debug|Any CPU
		{C787160F-018C-488D-B012-D331DAA91029}.Release|Any CPU.ActiveCfg = Release|Any CPU
		{C787160F-018C-488D-B012-D331DAA91029}.Release|Any CPU.Build.0 = Release|Any CPU
		{9CFAC800-5E8B-4CC7-B29F-A1B480C436D0}.Debug|Any CPU.ActiveCfg = Debug|Any CPU
		{9CFAC800-5E8B-4CC7-B29F-A1B480C436D0}.Debug|Any CPU.Build.0 = Debug|Any CPU
		{9CFAC800-5E8B-4CC7-B29F-A1B480C436D0}.Release|Any CPU.ActiveCfg = Release|Any CPU
		{9CFAC800-5E8B-4CC7-B29F-A1B480C436D0}.Release|Any CPU.Build.0 = Release|Any CPU
		{6F07B2EA-DF43-43CF-9243-7AFC60E4EBEF}.Debug|Any CPU.ActiveCfg = Debug|Any CPU
		{6F07B2EA-DF43-43CF-9243-7AFC60E4EBEF}.Debug|Any CPU.Build.0 = Debug|Any CPU
		{6F07B2EA-DF43-43CF-9243-7AFC60E4EBEF}.Release|Any CPU.ActiveCfg = Release|Any CPU
		{6F07B2EA-DF43-43CF-9243-7AFC60E4EBEF}.Release|Any CPU.Build.0 = Release|Any CPU
		{C384178F-D458-4A1F-84C6-4481F3DE6CD4}.Debug|Any CPU.ActiveCfg = Debug|Any CPU
		{C384178F-D458-4A1F-84C6-4481F3DE6CD4}.Debug|Any CPU.Build.0 = Debug|Any CPU
		{C384178F-D458-4A1F-84C6-4481F3DE6CD4}.Release|Any CPU.ActiveCfg = Release|Any CPU
		{C384178F-D458-4A1F-84C6-4481F3DE6CD4}.Release|Any CPU.Build.0 = Release|Any CPU
		{52495DD8-B920-40C8-BD94-05F2122054BF}.Debug|Any CPU.ActiveCfg = Debug|Any CPU
		{52495DD8-B920-40C8-BD94-05F2122054BF}.Debug|Any CPU.Build.0 = Debug|Any CPU
		{52495DD8-B920-40C8-BD94-05F2122054BF}.Release|Any CPU.ActiveCfg = Release|Any CPU
		{52495DD8-B920-40C8-BD94-05F2122054BF}.Release|Any CPU.Build.0 = Release|Any CPU
		{F757083D-4E5C-4D9B-B3AE-E4A58AC7C742}.Debug|Any CPU.ActiveCfg = Debug|Any CPU
		{F757083D-4E5C-4D9B-B3AE-E4A58AC7C742}.Debug|Any CPU.Build.0 = Debug|Any CPU
		{F757083D-4E5C-4D9B-B3AE-E4A58AC7C742}.Release|Any CPU.ActiveCfg = Release|Any CPU
		{F757083D-4E5C-4D9B-B3AE-E4A58AC7C742}.Release|Any CPU.Build.0 = Release|Any CPU
		{A268E111-A399-4D38-B046-158D5073452D}.Debug|Any CPU.ActiveCfg = Debug|Any CPU
		{A268E111-A399-4D38-B046-158D5073452D}.Debug|Any CPU.Build.0 = Debug|Any CPU
		{A268E111-A399-4D38-B046-158D5073452D}.Release|Any CPU.ActiveCfg = Release|Any CPU
		{A268E111-A399-4D38-B046-158D5073452D}.Release|Any CPU.Build.0 = Release|Any CPU
		{77B6B154-C4C9-4A1A-AE93-43DFDC51642E}.Debug|Any CPU.ActiveCfg = Debug|Any CPU
		{77B6B154-C4C9-4A1A-AE93-43DFDC51642E}.Debug|Any CPU.Build.0 = Debug|Any CPU
		{77B6B154-C4C9-4A1A-AE93-43DFDC51642E}.Release|Any CPU.ActiveCfg = Release|Any CPU
		{77B6B154-C4C9-4A1A-AE93-43DFDC51642E}.Release|Any CPU.Build.0 = Release|Any CPU
		{93BD8EC4-C26C-4B4F-92E4-86C456A9C516}.Debug|Any CPU.ActiveCfg = Debug|Any CPU
		{93BD8EC4-C26C-4B4F-92E4-86C456A9C516}.Debug|Any CPU.Build.0 = Debug|Any CPU
		{93BD8EC4-C26C-4B4F-92E4-86C456A9C516}.Release|Any CPU.ActiveCfg = Release|Any CPU
		{93BD8EC4-C26C-4B4F-92E4-86C456A9C516}.Release|Any CPU.Build.0 = Release|Any CPU
		{E98183EF-F7F6-4451-A530-728C4CCA058A}.Debug|Any CPU.ActiveCfg = Debug|Any CPU
		{E98183EF-F7F6-4451-A530-728C4CCA058A}.Debug|Any CPU.Build.0 = Debug|Any CPU
		{E98183EF-F7F6-4451-A530-728C4CCA058A}.Release|Any CPU.ActiveCfg = Release|Any CPU
		{E98183EF-F7F6-4451-A530-728C4CCA058A}.Release|Any CPU.Build.0 = Release|Any CPU
		{1C75F181-1EC2-4595-92FF-28345BC6D8DD}.Debug|Any CPU.ActiveCfg = Debug|Any CPU
		{1C75F181-1EC2-4595-92FF-28345BC6D8DD}.Debug|Any CPU.Build.0 = Debug|Any CPU
		{1C75F181-1EC2-4595-92FF-28345BC6D8DD}.Release|Any CPU.ActiveCfg = Release|Any CPU
		{1C75F181-1EC2-4595-92FF-28345BC6D8DD}.Release|Any CPU.Build.0 = Release|Any CPU
		{AAF0DD71-1D2B-48DE-9BEB-14CF6BC2F041}.Debug|Any CPU.ActiveCfg = Debug|Any CPU
		{AAF0DD71-1D2B-48DE-9BEB-14CF6BC2F041}.Debug|Any CPU.Build.0 = Debug|Any CPU
		{AAF0DD71-1D2B-48DE-9BEB-14CF6BC2F041}.Release|Any CPU.ActiveCfg = Release|Any CPU
		{AAF0DD71-1D2B-48DE-9BEB-14CF6BC2F041}.Release|Any CPU.Build.0 = Release|Any CPU
		{EEF18469-5CC5-47B9-BF87-3A7966BD9529}.Debug|Any CPU.ActiveCfg = Debug|Any CPU
		{EEF18469-5CC5-47B9-BF87-3A7966BD9529}.Debug|Any CPU.Build.0 = Debug|Any CPU
		{EEF18469-5CC5-47B9-BF87-3A7966BD9529}.Release|Any CPU.ActiveCfg = Release|Any CPU
		{EEF18469-5CC5-47B9-BF87-3A7966BD9529}.Release|Any CPU.Build.0 = Release|Any CPU
		{B10F6F2E-1D3F-4943-8AA8-75DD9D5C4F24}.Debug|Any CPU.ActiveCfg = Debug|Any CPU
		{B10F6F2E-1D3F-4943-8AA8-75DD9D5C4F24}.Debug|Any CPU.Build.0 = Debug|Any CPU
		{B10F6F2E-1D3F-4943-8AA8-75DD9D5C4F24}.Release|Any CPU.ActiveCfg = Release|Any CPU
		{B10F6F2E-1D3F-4943-8AA8-75DD9D5C4F24}.Release|Any CPU.Build.0 = Release|Any CPU
		{44A85BC9-1BEB-37DB-4EC8-B81851F60ECA}.Debug|Any CPU.ActiveCfg = Debug|Any CPU
		{44A85BC9-1BEB-37DB-4EC8-B81851F60ECA}.Debug|Any CPU.Build.0 = Debug|Any CPU
		{44A85BC9-1BEB-37DB-4EC8-B81851F60ECA}.Release|Any CPU.ActiveCfg = Release|Any CPU
		{44A85BC9-1BEB-37DB-4EC8-B81851F60ECA}.Release|Any CPU.Build.0 = Release|Any CPU
		{DA00DDA6-3A3D-66C3-7B47-9D8B0F7B95C2}.Debug|Any CPU.ActiveCfg = Debug|Any CPU
		{DA00DDA6-3A3D-66C3-7B47-9D8B0F7B95C2}.Debug|Any CPU.Build.0 = Debug|Any CPU
		{DA00DDA6-3A3D-66C3-7B47-9D8B0F7B95C2}.Release|Any CPU.ActiveCfg = Release|Any CPU
		{DA00DDA6-3A3D-66C3-7B47-9D8B0F7B95C2}.Release|Any CPU.Build.0 = Release|Any CPU
	EndGlobalSection
	GlobalSection(SolutionProperties) = preSolution
		HideSolutionNode = FALSE
	EndGlobalSection
	GlobalSection(NestedProjects) = preSolution
		{FD9ECE3E-487B-4961-BEE9-3C26F866EAB2} = {224361D2-3869-4F9A-A882-2554036A98AF}
		{A630417B-1C25-4BAB-B1D3-22C627DF0008} = {B10F6F2E-1D3F-4943-8AA8-75DD9D5C4F24}
		{582CE0DB-2B91-4978-9AF8-B18C732D08B5} = {02EA681E-C7D8-13C7-8484-4AC65E1B71E8}
		{C6516D98-035B-4742-B3C8-B031455546DE} = {1567AF54-3B10-493B-B5B2-5C09C646F694}
		{E41F937A-0FE1-4E55-B449-CABF5D42A093} = {0373C70C-0FB0-4478-81A2-FB7320C23819}
		{C08FF8C8-354D-40EC-A80C-AFCE36A88DF9} = {A7142E2C-B005-4FF2-92DC-7F7B76F7FFEF}
		{89A65776-2367-4855-8956-53322C2BF70B} = {38978A69-8343-4C80-89F3-59F454BE7B4F}
		{2C55D527-4E09-4FD6-B4C6-7EFDD457358F} = {77CFDAFB-398B-454B-813A-C1CFC53381FF}
		{4CD22FD4-84AE-404E-A71A-4A3D24353CF7} = {77CFDAFB-398B-454B-813A-C1CFC53381FF}
		{91B60054-9B37-476D-8894-2F91046CC53A} = {FDF81F68-085D-4C5E-964A-1FD8A1D96277}
		{B9DC001F-BEE2-4E85-8E7E-B6B84298F0D5} = {FDF81F68-085D-4C5E-964A-1FD8A1D96277}
		{A0ECB336-8E44-46F4-B551-0595AF5B4D62} = {7F683C4A-7D91-44EE-AF90-A5901BE6F90E}
		{C51FAFAE-59FE-470D-BE49-B4CDB9DF934B} = {7F683C4A-7D91-44EE-AF90-A5901BE6F90E}
		{A6CE17C4-6991-45CC-9AD6-D0F5DA11CE64} = {7F683C4A-7D91-44EE-AF90-A5901BE6F90E}
		{9C5BB7A5-63EB-4D63-9632-BEF22D22F780} = {7F683C4A-7D91-44EE-AF90-A5901BE6F90E}
		{D3CD271A-F0C2-48A6-BD57-40D500B26645} = {7F683C4A-7D91-44EE-AF90-A5901BE6F90E}
		{3A7CC445-7D7D-41E6-A115-EFFE3A225506} = {7F683C4A-7D91-44EE-AF90-A5901BE6F90E}
		{841F850B-2AB6-6970-1B8D-8646552BB889} = {1567AF54-3B10-493B-B5B2-5C09C646F694}
		{CCA39822-D1F5-4AAF-B812-D6C72D0E9245} = {B10F6F2E-1D3F-4943-8AA8-75DD9D5C4F24}
		{C606C012-6B80-4D77-B310-27AB10EBFAE9} = {B10F6F2E-1D3F-4943-8AA8-75DD9D5C4F24}
		{BEB90886-46AF-4451-BE25-30B74B7ABB2B} = {B10F6F2E-1D3F-4943-8AA8-75DD9D5C4F24}
		{A473B8A0-05D7-44E6-93CA-CFD9F9851CC0} = {B10F6F2E-1D3F-4943-8AA8-75DD9D5C4F24}
		{3868B4F7-9066-4996-8BA3-EA998A0BBDA1} = {B10F6F2E-1D3F-4943-8AA8-75DD9D5C4F24}
		{6515C6DF-7308-4A0C-9E1B-523EDFD6A6B4} = {B10F6F2E-1D3F-4943-8AA8-75DD9D5C4F24}
		{C54AB33C-DBAA-4D6C-AD3B-37994F47E8AF} = {B10F6F2E-1D3F-4943-8AA8-75DD9D5C4F24}
		{DEFDF5F4-4241-44A3-AC69-4FE9EB35FCD6} = {0373C70C-0FB0-4478-81A2-FB7320C23819}
		{971E06C3-D05C-40D9-A58E-FAF07A039F23} = {0373C70C-0FB0-4478-81A2-FB7320C23819}
		{022DDE0C-AD5A-4C63-862D-F1CB1DA82967} = {0373C70C-0FB0-4478-81A2-FB7320C23819}
		{CAA8060D-2616-40EA-948F-242AC5CC172B} = {0373C70C-0FB0-4478-81A2-FB7320C23819}
		{F06972B4-AF77-409C-8337-4EBBBC3825AF} = {0373C70C-0FB0-4478-81A2-FB7320C23819}
		{D448BF9C-00AB-4795-A36B-0550FE73BA53} = {0373C70C-0FB0-4478-81A2-FB7320C23819}
		{91941322-05F8-4D9C-8CE5-4E17E7C81494} = {0373C70C-0FB0-4478-81A2-FB7320C23819}
		{4DEFD398-4F72-48DC-916E-FB608B771910} = {A7142E2C-B005-4FF2-92DC-7F7B76F7FFEF}
		{0F9D884C-58F1-49DD-A216-2CD51172C834} = {A7142E2C-B005-4FF2-92DC-7F7B76F7FFEF}
		{83B9E7F2-07A4-4D99-98D6-849BD5488967} = {A7142E2C-B005-4FF2-92DC-7F7B76F7FFEF}
		{1CB2EB5A-702B-482D-96A8-1BF353889DAF} = {A7142E2C-B005-4FF2-92DC-7F7B76F7FFEF}
		{522A00D0-B7F8-4D49-9299-F391D8F97F4F} = {A7142E2C-B005-4FF2-92DC-7F7B76F7FFEF}
		{E47BD230-A4DA-4415-8261-720FF204D136} = {A7142E2C-B005-4FF2-92DC-7F7B76F7FFEF}
		{8D8A600F-15F4-498C-BC3F-18DBFDF3C3D0} = {A7142E2C-B005-4FF2-92DC-7F7B76F7FFEF}
		{4E7FC96C-E0F8-4F03-9BC8-2A3F91B56766} = {02EA681E-C7D8-13C7-8484-4AC65E1B71E8}
		{E1CF3D00-95C7-4D2C-A653-2703DBC3834C} = {02EA681E-C7D8-13C7-8484-4AC65E1B71E8}
		{9DD5623D-6B53-43BB-AD70-5B5314C8AEA6} = {02EA681E-C7D8-13C7-8484-4AC65E1B71E8}
		{052F87CC-1CDC-4D02-A40A-AF75578B380E} = {02EA681E-C7D8-13C7-8484-4AC65E1B71E8}
		{AD0951C9-59DC-4B00-A182-73CB3DDD0E88} = {02EA681E-C7D8-13C7-8484-4AC65E1B71E8}
		{DD96CD77-6EE1-4100-A892-F1C9AD5132E3} = {02EA681E-C7D8-13C7-8484-4AC65E1B71E8}
		{388FF668-4405-4DCB-BE9C-1B577C8D0DE4} = {02EA681E-C7D8-13C7-8484-4AC65E1B71E8}
		{C787160F-018C-488D-B012-D331DAA91029} = {38978A69-8343-4C80-89F3-59F454BE7B4F}
		{9CFAC800-5E8B-4CC7-B29F-A1B480C436D0} = {38978A69-8343-4C80-89F3-59F454BE7B4F}
		{6F07B2EA-DF43-43CF-9243-7AFC60E4EBEF} = {38978A69-8343-4C80-89F3-59F454BE7B4F}
		{C384178F-D458-4A1F-84C6-4481F3DE6CD4} = {38978A69-8343-4C80-89F3-59F454BE7B4F}
		{52495DD8-B920-40C8-BD94-05F2122054BF} = {38978A69-8343-4C80-89F3-59F454BE7B4F}
		{F757083D-4E5C-4D9B-B3AE-E4A58AC7C742} = {38978A69-8343-4C80-89F3-59F454BE7B4F}
		{A268E111-A399-4D38-B046-158D5073452D} = {38978A69-8343-4C80-89F3-59F454BE7B4F}
		{77B6B154-C4C9-4A1A-AE93-43DFDC51642E} = {77CFDAFB-398B-454B-813A-C1CFC53381FF}
		{93BD8EC4-C26C-4B4F-92E4-86C456A9C516} = {77CFDAFB-398B-454B-813A-C1CFC53381FF}
		{E98183EF-F7F6-4451-A530-728C4CCA058A} = {77CFDAFB-398B-454B-813A-C1CFC53381FF}
		{1C75F181-1EC2-4595-92FF-28345BC6D8DD} = {77CFDAFB-398B-454B-813A-C1CFC53381FF}
		{AAF0DD71-1D2B-48DE-9BEB-14CF6BC2F041} = {77CFDAFB-398B-454B-813A-C1CFC53381FF}
		{EEF18469-5CC5-47B9-BF87-3A7966BD9529} = {77CFDAFB-398B-454B-813A-C1CFC53381FF}
		{B10F6F2E-1D3F-4943-8AA8-75DD9D5C4F24} = {0B9A1A27-E4AC-4228-AE7A-FC2CEBE2AD7B}
		{02EA681E-C7D8-13C7-8484-4AC65E1B71E8} = {0B9A1A27-E4AC-4228-AE7A-FC2CEBE2AD7B}
		{1567AF54-3B10-493B-B5B2-5C09C646F694} = {0B9A1A27-E4AC-4228-AE7A-FC2CEBE2AD7B}
		{0373C70C-0FB0-4478-81A2-FB7320C23819} = {0B9A1A27-E4AC-4228-AE7A-FC2CEBE2AD7B}
		{A7142E2C-B005-4FF2-92DC-7F7B76F7FFEF} = {0B9A1A27-E4AC-4228-AE7A-FC2CEBE2AD7B}
		{38978A69-8343-4C80-89F3-59F454BE7B4F} = {0B9A1A27-E4AC-4228-AE7A-FC2CEBE2AD7B}
		{77CFDAFB-398B-454B-813A-C1CFC53381FF} = {0B9A1A27-E4AC-4228-AE7A-FC2CEBE2AD7B}
		{44A85BC9-1BEB-37DB-4EC8-B81851F60ECA} = {55C2DB42-2C30-46DD-98BD-50C44C0AC678}
		{DA00DDA6-3A3D-66C3-7B47-9D8B0F7B95C2} = {55C2DB42-2C30-46DD-98BD-50C44C0AC678}
	EndGlobalSection
	GlobalSection(ExtensibilityGlobals) = postSolution
		SolutionGuid = {9E214FFD-834E-4F69-ADAA-F97C7C74B243}
	EndGlobalSection
EndGlobal
